
Microsoft Visual Studio Solution File, Format Version 12.00
# Visual Studio Version 17
VisualStudioVersion = 17.7.34024.191
MinimumVisualStudioVersion = 10.0.40219.1
Project("{FAE04EC0-301F-11D3-BF4B-00C04F79EFBC}") = "sortMassiv", "sortMassiv\sortMassiv.csproj", "{EC9347A0-09B2-40EF-B249-BF1ACE9622A9}"
EndProject
Global
	GlobalSection(SolutionConfigurationPlatforms) = preSolution
		Debug|Any CPU = Debug|Any CPU
		Release|Any CPU = Release|Any CPU
	EndGlobalSection
	GlobalSection(ProjectConfigurationPlatforms) = postSolution
		{EC9347A0-09B2-40EF-B249-BF1ACE9622A9}.Debug|Any CPU.ActiveCfg = Debug|Any CPU
		{EC9347A0-09B2-40EF-B249-BF1ACE9622A9}.Debug|Any CPU.Build.0 = Debug|Any CPU
		{EC9347A0-09B2-40EF-B249-BF1ACE9622A9}.Release|Any CPU.ActiveCfg = Release|Any CPU
		{EC9347A0-09B2-40EF-B249-BF1ACE9622A9}.Release|Any CPU.Build.0 = Release|Any CPU
	EndGlobalSection
	GlobalSection(SolutionProperties) = preSolution
		HideSolutionNode = FALSE
	EndGlobalSection
	GlobalSection(ExtensibilityGlobals) = postSolution
		SolutionGuid = {1CDDEAC5-A90D-49CD-A353-C97147E5B4EE}
	EndGlobalSection
EndGlobal
